dependencies:
- name: cord-api
  repository: https://cord-tools.github.io/helm-charts
  version: 1.0.0-rc.9
- name: cord-api-v2
  repository: https://cord-tools.github.io/helm-charts
  version: 1.0.0-rc.3
- name: cord-ui
  repository: https://cord-tools.github.io/helm-charts
  version: 1.0.0-rc.4
- name: cord-proxy
  repository: https://cord-tools.github.io/helm-charts
  version: 1.0.0-rc.3
- name: ingress-nginx
  repository: https://kubernetes.github.io/ingress-nginx
  version: 3.22.0
- name: kube-prometheus-stack
  repository: https://prometheus-community.github.io/helm-charts
  version: 13.3.0
digest: sha256:47116e668b8a934f4d3727c3ab07ca7bfc167c1513fd5a16f1be2f31adb5a336
generated: "2021-10-05T13:22:49.274125-06:00"
