dependencies:
- name: cord-api
  repository: https://cord-tools.github.io/helm-charts
  version: 1.0.0-rc.5
- name: cord-api-v2
  repository: https://cord-tools.github.io/helm-charts
  version: 1.0.0-rc.3
- name: cord-ui
  repository: https://cord-tools.github.io/helm-charts
  version: 1.0.0-rc.2
- name: cord-proxy
  repository: https://cord-tools.github.io/helm-charts
  version: 1.0.0-rc.2
- name: ingress-nginx
  repository: https://kubernetes.github.io/ingress-nginx
  version: 3.22.0
- name: kube-prometheus-stack
  repository: https://prometheus-community.github.io/helm-charts
  version: 13.3.0
digest: sha256:97dac5b7d0d28a9fba1c7eae712136b9f29196f9f253f297f215d01869f298c3
generated: "2021-09-09T13:46:18.996508025-06:00"
