dependencies:
- name: cord-api
  repository: https://cord-tools.github.io/helm-charts
  version: 1.1.2
- name: cord-api-v2
  repository: https://cord-tools.github.io/helm-charts
  version: 1.0.0
- name: cord-ui
  repository: https://cord-tools.github.io/helm-charts
  version: 1.1.0
- name: cord-proxy
  repository: https://cord-tools.github.io/helm-charts
  version: 1.1.0
- name: ingress-nginx
  repository: https://kubernetes.github.io/ingress-nginx
  version: 3.22.0
- name: kube-prometheus-stack
  repository: https://prometheus-community.github.io/helm-charts
  version: 13.3.0
digest: sha256:fb7830edeed69f91807a1cc9bafe15c78f5f02d66fa2eca905be966825937d5d
generated: "2022-03-02T13:08:47.374466-06:00"
