dependencies:
- name: mongodb
  repository: https://raw.githubusercontent.com/bitnami/charts/pre-2022/bitnami
  version: 10.5.2
- name: loki
  repository: https://grafana.github.io/helm-charts
  version: 3.0.9
- name: promtail
  repository: https://grafana.github.io/helm-charts
  version: 6.7.4
digest: sha256:18f8f8b014396999abad6038fb5db12c6fb742aaa8b55a46ac0234c9ec64c9b4
generated: "2023-02-28T15:30:31.403522-06:00"
