dependencies:
- name: mongodb
  repository: https://charts.bitnami.com/bitnami
  version: 13.16.4
- name: loki
  repository: https://grafana.github.io/helm-charts
  version: 5.36.1
- name: promtail
  repository: https://grafana.github.io/helm-charts
  version: 6.15.3
digest: sha256:b7ce79a118a48fe15907bc42e59afac0ad7073b4226a638a9ef81d062a94fb94
generated: "2023-11-02T13:22:58.406101-06:00"
