dependencies:
- name: mongodb
  repository: https://charts.bitnami.com/bitnami
  version: 13.9.2
- name: loki
  repository: https://grafana.github.io/helm-charts
  version: 2.3.0
- name: promtail
  repository: https://grafana.github.io/helm-charts
  version: 3.0.5
digest: sha256:fa0aff5dbdaf5787da1327343c4afe90b65ffc48f87d212f521f33fdd90b96d1
generated: "2023-03-20T13:26:25.461764-06:00"
